
Microsoft Visual Studio Solution File, Format Version 12.00
# Blend for Visual Studio Version 17
VisualStudioVersion = 17.8.34525.116
MinimumVisualStudioVersion = 10.0.40219.1
Project("{FAE04EC0-301F-11D3-BF4B-00C04F79EFBC}") = "GlobalBackButtonTemplate", "GlobalBackButtonTemplate.csproj", "{21A482AB-67A7-43F9-B249-13A78375D05E}"
EndProject
Global
	GlobalSection(SolutionConfigurationPlatforms) = preSolution
		Debug|ARM = Debug|ARM
		Debug|ARM64 = Debug|ARM64
		Debug|x64 = Debug|x64
		Debug|x86 = Debug|x86
		Release|ARM = Release|ARM
		Release|ARM64 = Release|ARM64
		Release|x64 = Release|x64
		Release|x86 = Release|x86
	EndGlobalSection
	GlobalSection(ProjectConfigurationPlatforms) = postSolution
		{21A482AB-67A7-43F9-B249-13A78375D05E}.Debug|ARM.ActiveCfg = Debug|ARM
		{21A482AB-67A7-43F9-B249-13A78375D05E}.Debug|ARM.Build.0 = Debug|ARM
		{21A482AB-67A7-43F9-B249-13A78375D05E}.Debug|ARM.Deploy.0 = Debug|ARM
		{21A482AB-67A7-43F9-B249-13A78375D05E}.Debug|ARM64.ActiveCfg = Debug|ARM64
		{21A482AB-67A7-43F9-B249-13A78375D05E}.Debug|ARM64.Build.0 = Debug|ARM64
		{21A482AB-67A7-43F9-B249-13A78375D05E}.Debug|ARM64.Deploy.0 = Debug|ARM64
		{21A482AB-67A7-43F9-B249-13A78375D05E}.Debug|x64.ActiveCfg = Debug|x64
		{21A482AB-67A7-43F9-B249-13A78375D05E}.Debug|x64.Build.0 = Debug|x64
		{21A482AB-67A7-43F9-B249-13A78375D05E}.Debug|x64.Deploy.0 = Debug|x64
		{21A482AB-67A7-43F9-B249-13A78375D05E}.Debug|x86.ActiveCfg = Debug|x86
		{21A482AB-67A7-43F9-B249-13A78375D05E}.Debug|x86.Build.0 = Debug|x86
		{21A482AB-67A7-43F9-B249-13A78375D05E}.Debug|x86.Deploy.0 = Debug|x86
		{21A482AB-67A7-43F9-B249-13A78375D05E}.Release|ARM.ActiveCfg = Release|ARM
		{21A482AB-67A7-43F9-B249-13A78375D05E}.Release|ARM.Build.0 = Release|ARM
		{21A482AB-67A7-43F9-B249-13A78375D05E}.Release|ARM.Deploy.0 = Release|ARM
		{21A482AB-67A7-43F9-B249-13A78375D05E}.Release|ARM64.ActiveCfg = Release|ARM64
		{21A482AB-67A7-43F9-B249-13A78375D05E}.Release|ARM64.Build.0 = Release|ARM64
		{21A482AB-67A7-43F9-B249-13A78375D05E}.Release|ARM64.Deploy.0 = Release|ARM64
		{21A482AB-67A7-43F9-B249-13A78375D05E}.Release|x64.ActiveCfg = Release|x64
		{21A482AB-67A7-43F9-B249-13A78375D05E}.Release|x64.Build.0 = Release|x64
		{21A482AB-67A7-43F9-B249-13A78375D05E}.Release|x64.Deploy.0 = Release|x64
		{21A482AB-67A7-43F9-B249-13A78375D05E}.Release|x86.ActiveCfg = Release|x86
		{21A482AB-67A7-43F9-B249-13A78375D05E}.Release|x86.Build.0 = Release|x86
		{21A482AB-67A7-43F9-B249-13A78375D05E}.Release|x86.Deploy.0 = Release|x86
	EndGlobalSection
	GlobalSection(SolutionProperties) = preSolution
		HideSolutionNode = FALSE
	EndGlobalSection
	GlobalSection(ExtensibilityGlobals) = postSolution
		SolutionGuid = {AD3F0155-631F-45F8-8381-7312AD922C9F}
	EndGlobalSection
EndGlobal
